
Microsoft Visual Studio Solution File, Format Version 12.00
# Visual Studio Version 16
VisualStudioVersion = 16.0.30011.22
MinimumVisualStudioVersion = 10.0.40219.1
Project("{FAE04EC0-301F-11D3-BF4B-00C04F79EFBC}") = "UITestAutomation.WPF", "UITestAutomation.WPF\UITestAutomation.WPF.csproj", "{8759221B-98FB-432C-8644-013CE5D6AA0F}"
EndProject
Project("{FAE04EC0-301F-11D3-BF4B-00C04F79EFBC}") = "UITestAutomation.Tests.MSTest", "UITestAutomation.Tests.MSTest\UITestAutomation.Tests.MSTest.csproj", "{4A94E7E2-F429-4E42-BD3B-D19A3BDA4A58}"
EndProject
Project("{FAE04EC0-301F-11D3-BF4B-00C04F79EFBC}") = "UITestAutomation.FlyUI", "UITestAutomation.FlyUI\UITestAutomation.FlyUI.csproj", "{FED72122-6459-4996-BB7F-983684FC8BAB}"
EndProject
Global
	GlobalSection(SolutionConfigurationPlatforms) = preSolution
		Debug|Any CPU = Debug|Any CPU
		Release|Any CPU = Release|Any CPU
	EndGlobalSection
	GlobalSection(ProjectConfigurationPlatforms) = postSolution
		{8759221B-98FB-432C-8644-013CE5D6AA0F}.Debug|Any CPU.ActiveCfg = Debug|Any CPU
		{8759221B-98FB-432C-8644-013CE5D6AA0F}.Debug|Any CPU.Build.0 = Debug|Any CPU
		{8759221B-98FB-432C-8644-013CE5D6AA0F}.Release|Any CPU.ActiveCfg = Release|Any CPU
		{8759221B-98FB-432C-8644-013CE5D6AA0F}.Release|Any CPU.Build.0 = Release|Any CPU
		{4A94E7E2-F429-4E42-BD3B-D19A3BDA4A58}.Debug|Any CPU.ActiveCfg = Debug|Any CPU
		{4A94E7E2-F429-4E42-BD3B-D19A3BDA4A58}.Debug|Any CPU.Build.0 = Debug|Any CPU
		{4A94E7E2-F429-4E42-BD3B-D19A3BDA4A58}.Release|Any CPU.ActiveCfg = Release|Any CPU
		{4A94E7E2-F429-4E42-BD3B-D19A3BDA4A58}.Release|Any CPU.Build.0 = Release|Any CPU
		{FED72122-6459-4996-BB7F-983684FC8BAB}.Debug|Any CPU.ActiveCfg = Debug|Any CPU
		{FED72122-6459-4996-BB7F-983684FC8BAB}.Debug|Any CPU.Build.0 = Debug|Any CPU
		{FED72122-6459-4996-BB7F-983684FC8BAB}.Release|Any CPU.ActiveCfg = Release|Any CPU
		{FED72122-6459-4996-BB7F-983684FC8BAB}.Release|Any CPU.Build.0 = Release|Any CPU
	EndGlobalSection
	GlobalSection(SolutionProperties) = preSolution
		HideSolutionNode = FALSE
	EndGlobalSection
	GlobalSection(ExtensibilityGlobals) = postSolution
		SolutionGuid = {5F81BCA3-1BBD-48D5-909F-BE3FF5CF1782}
	EndGlobalSection
EndGlobal
